// !$*UTF8*$!
{
	archiveVersion = 1;
	classes = {
	};
	objectVersion = 46;
	objects = {

/* Begin PBXBuildFile section */
		04BB51721C0F2C9200F1CE3A /* main.m in Sources */ = {isa = PBXBuildFile; fileRef = 04BB51711C0F2C9200F1CE3A /* main.m */; };
		04BB51751C0F2C9200F1CE3A /* AppDelegate.m in Sources */ = {isa = PBXBuildFile; fileRef = 04BB51741C0F2C9200F1CE3A /* AppDelegate.m */; };
		04BB51781C0F2C9200F1CE3A /* ViewController.m in Sources */ = {isa = PBXBuildFile; fileRef = 04BB51771C0F2C9200F1CE3A /* ViewController.m */; };
		04BB517B1C0F2C9200F1CE3A /* Main.storyboard in Resources */ = {isa = PBXBuildFile; fileRef = 04BB51791C0F2C9200F1CE3A /* Main.storyboard */; };
		04BB517D1C0F2C9200F1CE3A /* Assets.xcassets in Resources */ = {isa = PBXBuildFile; fileRef = 04BB517C1C0F2C9200F1CE3A /* Assets.xcassets */; };
		04BB51801C0F2C9200F1CE3A /* LaunchScreen.storyboard in Resources */ = {isa = PBXBuildFile; fileRef = 04BB517E1C0F2C9200F1CE3A /* LaunchScreen.storyboard */; };
		04BB518B1C0F2C9200F1CE3A /* ChampionTests.m in Sources */ = {isa = PBXBuildFile; fileRef = 04BB518A1C0F2C9200F1CE3A /* ChampionTests.m */; };
		04BB51961C0F2C9200F1CE3A /* ChampionUITests.m in Sources */ = {isa = PBXBuildFile; fileRef = 04BB51951C0F2C9200F1CE3A /* ChampionUITests.m */; };
/* End PBXBuildFile section */

/* Begin PBXContainerItemProxy section */
		04BB51871C0F2C9200F1CE3A /* PBXContainerItemProxy */ = {
			isa = PBXContainerItemProxy;
			containerPortal = 04BB51651C0F2C9200F1CE3A /* Project object */;
			proxyType = 1;
			remoteGlobalIDString = 04BB516C1C0F2C9200F1CE3A;
			remoteInfo = Champion;
		};
		04BB51921C0F2C9200F1CE3A /* PBXContainerItemProxy */ = {
			isa = PBXContainerItemProxy;
			containerPortal = 04BB51651C0F2C9200F1CE3A /* Project object */;
			proxyType = 1;
			remoteGlobalIDString = 04BB516C1C0F2C9200F1CE3A;
			remoteInfo = Champion;
		};
/* End PBXContainerItemProxy section */

/* Begin PBXFileReference section */
		04BB516D1C0F2C9200F1CE3A /* Champion.app */ = {isa = PBXFileReference; explicitFileType = wrapper.application; includeInIndex = 0; path = Champion.app; sourceTree = BUILT_PRODUCTS_DIR; };
		04BB51711C0F2C9200F1CE3A /* main.m */ = {isa = PBXFileReference; lastKnownFileType = sourcecode.c.objc; path = main.m; sourceTree = "<group>"; };
		04BB51731C0F2C9200F1CE3A /* AppDelegate.h */ = {isa = PBXFileReference; lastKnownFileType = sourcecode.c.h; path = AppDelegate.h; sourceTree = "<group>"; };
		04BB51741C0F2C9200F1CE3A /* AppDelegate.m */ = {isa = PBXFileReference; lastKnownFileType = sourcecode.c.objc; path = AppDelegate.m; sourceTree = "<group>"; };
		04BB51761C0F2C9200F1CE3A /* ViewController.h */ = {isa = PBXFileReference; lastKnownFileType = sourcecode.c.h; path = ViewController.h; sourceTree = "<group>"; };
		04BB51771C0F2C9200F1CE3A /* ViewController.m */ = {isa = PBXFileReference; lastKnownFileType = sourcecode.c.objc; path = ViewController.m; sourceTree = "<group>"; };
		04BB517A1C0F2C9200F1CE3A /* Base */ = {isa = PBXFileReference; lastKnownFileType = file.storyboard; name = Base; path = Base.lproj/Main.storyboard; sourceTree = "<group>"; };
		04BB517C1C0F2C9200F1CE3A /* Assets.xcassets */ = {isa = PBXFileReference; lastKnownFileType = folder.assetcatalog; path = Assets.xcassets; sourceTree = "<group>"; };
		04BB517F1C0F2C9200F1CE3A /* Base */ = {isa = PBXFileReference; lastKnownFileType = file.storyboard; name = Base; path = Base.lproj/LaunchScreen.storyboard; sourceTree = "<group>"; };
		04BB51811C0F2C9200F1CE3A /* Info.plist */ = {isa = PBXFileReference; lastKnownFileType = text.plist.xml; path = Info.plist; sourceTree = "<group>"; };
		04BB51861C0F2C9200F1CE3A /* ChampionTests.xctest */ = {isa = PBXFileReference; explicitFileType = wrapper.cfbundle; includeInIndex = 0; path = ChampionTests.xctest; sourceTree = BUILT_PRODUCTS_DIR; };
		04BB518A1C0F2C9200F1CE3A /* ChampionTests.m */ = {isa = PBXFileReference; lastKnownFileType = sourcecode.c.objc; path = ChampionTests.m; sourceTree = "<group>"; };
		04BB518C1C0F2C9200F1CE3A /* Info.plist */ = {isa = PBXFileReference; lastKnownFileType = text.plist.xml; path = Info.plist; sourceTree = "<group>"; };
		04BB51911C0F2C9200F1CE3A /* ChampionUITests.xctest */ = {isa = PBXFileReference; explicitFileType = wrapper.cfbundle; includeInIndex = 0; path = ChampionUITests.xctest; sourceTree = BUILT_PRODUCTS_DIR; };
		04BB51951C0F2C9200F1CE3A /* ChampionUITests.m */ = {isa = PBXFileReference; lastKnownFileType = sourcecode.c.objc; path = ChampionUITests.m; sourceTree = "<group>"; };
		04BB51971C0F2C9200F1CE3A /* Info.plist */ = {isa = PBXFileReference; lastKnownFileType = text.plist.xml; path = Info.plist; sourceTree = "<group>"; };
/* End PBXFileReference section */

/* Begin PBXFrameworksBuildPhase section */
		04BB516A1C0F2C9200F1CE3A /* Frameworks */ = {
			isa = PBXFrameworksBuildPhase;
			buildActionMask = 2147483647;
			files = (
			);
			runOnlyForDeploymentPostprocessing = 0;
		};
		04BB51831C0F2C9200F1CE3A /* Frameworks */ = {
			isa = PBXFrameworksBuildPhase;
			buildActionMask = 2147483647;
			files = (
			);
			runOnlyForDeploymentPostprocessing = 0;
		};
		04BB518E1C0F2C9200F1CE3A /* Frameworks */ = {
			isa = PBXFrameworksBuildPhase;
			buildActionMask = 2147483647;
			files = (
			);
			runOnlyForDeploymentPostprocessing = 0;
		};
/* End PBXFrameworksBuildPhase section */

/* Begin PBXGroup section */
		04BB51641C0F2C9200F1CE3A = {
			isa = PBXGroup;
			children = (
				04BB516F1C0F2C9200F1CE3A /* Champion */,
				04BB51891C0F2C9200F1CE3A /* ChampionTests */,
				04BB51941C0F2C9200F1CE3A /* ChampionUITests */,
				04BB516E1C0F2C9200F1CE3A /* Products */,
			);
			sourceTree = "<group>";
		};
		04BB516E1C0F2C9200F1CE3A /* Products */ = {
			isa = PBXGroup;
			children = (
				04BB516D1C0F2C9200F1CE3A /* Champion.app */,
				04BB51861C0F2C9200F1CE3A /* ChampionTests.xctest */,
				04BB51911C0F2C9200F1CE3A /* ChampionUITests.xctest */,
			);
			name = Products;
			sourceTree = "<group>";
		};
		04BB516F1C0F2C9200F1CE3A /* Champion */ = {
			isa = PBXGroup;
			children = (
				04BB51731C0F2C9200F1CE3A /* AppDelegate.h */,
				04BB51741C0F2C9200F1CE3A /* AppDelegate.m */,
				04BB51761C0F2C9200F1CE3A /* ViewController.h */,
				04BB51771C0F2C9200F1CE3A /* ViewController.m */,
				04BB51791C0F2C9200F1CE3A /* Main.storyboard */,
				04BB517C1C0F2C9200F1CE3A /* Assets.xcassets */,
				04BB517E1C0F2C9200F1CE3A /* LaunchScreen.storyboard */,
				04BB51811C0F2C9200F1CE3A /* Info.plist */,
				04BB51701C0F2C9200F1CE3A /* Supporting Files */,
			);
			path = Champion;
			sourceTree = "<group>";
		};
		04BB51701C0F2C9200F1CE3A /* Supporting Files */ = {
			isa = PBXGroup;
			children = (
				04BB51711C0F2C9200F1CE3A /* main.m */,
			);
			name = "Supporting Files";
			sourceTree = "<group>";
		};
		04BB51891C0F2C9200F1CE3A /* ChampionTests */ = {
			isa = PBXGroup;
			children = (
				04BB518A1C0F2C9200F1CE3A /* ChampionTests.m */,
				04BB518C1C0F2C9200F1CE3A /* Info.plist */,
			);
			path = ChampionTests;
			sourceTree = "<group>";
		};
		04BB51941C0F2C9200F1CE3A /* ChampionUITests */ = {
			isa = PBXGroup;
			children = (
				04BB51951C0F2C9200F1CE3A /* ChampionUITests.m */,
				04BB51971C0F2C9200F1CE3A /* Info.plist */,
			);
			path = ChampionUITests;
			sourceTree = "<group>";
		};
/* End PBXGroup section */

/* Begin PBXNativeTarget section */
		04BB516C1C0F2C9200F1CE3A /* Champion */ = {
			isa = PBXNativeTarget;
			buildConfigurationList = 04BB519A1C0F2C9200F1CE3A /* Build configuration list for PBXNativeTarget "Champion" */;
			buildPhases = (
				04BB51691C0F2C9200F1CE3A /* Sources */,
				04BB516A1C0F2C9200F1CE3A /* Frameworks */,
				04BB516B1C0F2C9200F1CE3A /* Resources */,
			);
			buildRules = (
			);
			dependencies = (
			);
			name = Champion;
			productName = Champion;
			productReference = 04BB516D1C0F2C9200F1CE3A /* Champion.app */;
			productType = "com.apple.product-type.application";
		};
		04BB51851C0F2C9200F1CE3A /* ChampionTests */ = {
			isa = PBXNativeTarget;
			buildConfigurationList = 04BB519D1C0F2C9200F1CE3A /* Build configuration list for PBXNativeTarget "ChampionTests" */;
			buildPhases = (
				04BB51821C0F2C9200F1CE3A /* Sources */,
				04BB51831C0F2C9200F1CE3A /* Frameworks */,
				04BB51841C0F2C9200F1CE3A /* Resources */,
			);
			buildRules = (
			);
			dependencies = (
				04BB51881C0F2C9200F1CE3A /* PBXTargetDependency */,
			);
			name = ChampionTests;
			productName = ChampionTests;
			productReference = 04BB51861C0F2C9200F1CE3A /* ChampionTests.xctest */;
			productType = "com.apple.product-type.bundle.unit-test";
		};
		04BB51901C0F2C9200F1CE3A /* ChampionUITests */ = {
			isa = PBXNativeTarget;
			buildConfigurationList = 04BB51A01C0F2C9200F1CE3A /* Build configuration list for PBXNativeTarget "ChampionUITests" */;
			buildPhases = (
				04BB518D1C0F2C9200F1CE3A /* Sources */,
				04BB518E1C0F2C9200F1CE3A /* Frameworks */,
				04BB518F1C0F2C9200F1CE3A /* Resources */,
			);
			buildRules = (
			);
			dependencies = (
				04BB51931C0F2C9200F1CE3A /* PBXTargetDependency */,
			);
			name = ChampionUITests;
			productName = ChampionUITests;
			productReference = 04BB51911C0F2C9200F1CE3A /* ChampionUITests.xctest */;
			productType = "com.apple.product-type.bundle.ui-testing";
		};
/* End PBXNativeTarget section */

/* Begin PBXProject section */
		04BB51651C0F2C9200F1CE3A /* Project object */ = {
			isa = PBXProject;
			attributes = {
				LastUpgradeCheck = 0710;
				ORGANIZATIONNAME = "无限思维技术团队";
				TargetAttributes = {
					04BB516C1C0F2C9200F1CE3A = {
						CreatedOnToolsVersion = 7.1;
						DevelopmentTeam = EB7X7DQK4T;
					};
					04BB51851C0F2C9200F1CE3A = {
						CreatedOnToolsVersion = 7.1;
						DevelopmentTeam = EB7X7DQK4T;
						TestTargetID = 04BB516C1C0F2C9200F1CE3A;
					};
					04BB51901C0F2C9200F1CE3A = {
						CreatedOnToolsVersion = 7.1;
						DevelopmentTeam = EB7X7DQK4T;
						TestTargetID = 04BB516C1C0F2C9200F1CE3A;
					};
				};
			};
			buildConfigurationList = 04BB51681C0F2C9200F1CE3A /* Build configuration list for PBXProject "Champion" */;
			compatibilityVersion = "Xcode 3.2";
			developmentRegion = English;
			hasScannedForEncodings = 0;
			knownRegions = (
				en,
				Base,
			);
			mainGroup = 04BB51641C0F2C9200F1CE3A;
			productRefGroup = 04BB516E1C0F2C9200F1CE3A /* Products */;
			projectDirPath = "";
			projectRoot = "";
			targets = (
				04BB516C1C0F2C9200F1CE3A /* Champion */,
				04BB51851C0F2C9200F1CE3A /* ChampionTests */,
				04BB51901C0F2C9200F1CE3A /* ChampionUITests */,
			);
		};
/* End PBXProject section */

/* Begin PBXResourcesBuildPhase section */
		04BB516B1C0F2C9200F1CE3A /* Resources */ = {
			isa = PBXResourcesBuildPhase;
			buildActionMask = 2147483647;
			files = (
				04BB51801C0F2C9200F1CE3A /* LaunchScreen.storyboard in Resources */,
				04BB517D1C0F2C9200F1CE3A /* Assets.xcassets in Resources */,
				04BB517B1C0F2C9200F1CE3A /* Main.storyboard in Resources */,
			);
			runOnlyForDeploymentPostprocessing = 0;
		};
		04BB51841C0F2C9200F1CE3A /* Resources */ = {
			isa = PBXResourcesBuildPhase;
			buildActionMask = 2147483647;
			files = (
			);
			runOnlyForDeploymentPostprocessing = 0;
		};
		04BB518F1C0F2C9200F1CE3A /* Resources */ = {
			isa = PBXResourcesBuildPhase;
			buildActionMask = 2147483647;
			files = (
			);
			runOnlyForDeploymentPostprocessing = 0;
		};
/* End PBXResourcesBuildPhase section */

/* Begin PBXSourcesBuildPhase section */
		04BB51691C0F2C9200F1CE3A /* Sources */ = {
			isa = PBXSourcesBuildPhase;
			buildActionMask = 2147483647;
			files = (
				04BB51781C0F2C9200F1CE3A /* ViewController.m in Sources */,
				04BB51751C0F2C9200F1CE3A /* AppDelegate.m in Sources */,
				04BB51721C0F2C9200F1CE3A /* main.m in Sources */,
			);
			runOnlyForDeploymentPostprocessing = 0;
		};
		04BB51821C0F2C9200F1CE3A /* Sources */ = {
			isa = PBXSourcesBuildPhase;
			buildActionMask = 2147483647;
			files = (
				04BB518B1C0F2C9200F1CE3A /* ChampionTests.m in Sources */,
			);
			runOnlyForDeploymentPostprocessing = 0;
		};
		04BB518D1C0F2C9200F1CE3A /* Sources */ = {
			isa = PBXSourcesBuildPhase;
			buildActionMask = 2147483647;
			files = (
				04BB51961C0F2C9200F1CE3A /* ChampionUITests.m in Sources */,
			);
			runOnlyForDeploymentPostprocessing = 0;
		};
/* End PBXSourcesBuildPhase section */

/* Begin PBXTargetDependency section */
		04BB51881C0F2C9200F1CE3A /* PBXTargetDependency */ = {
			isa = PBXTargetDependency;
			target = 04BB516C1C0F2C9200F1CE3A /* Champion */;
			targetProxy = 04BB51871C0F2C9200F1CE3A /* PBXContainerItemProxy */;
		};
		04BB51931C0F2C9200F1CE3A /* PBXTargetDependency */ = {
			isa = PBXTargetDependency;
			target = 04BB516C1C0F2C9200F1CE3A /* Champion */;
			targetProxy = 04BB51921C0F2C9200F1CE3A /* PBXContainerItemProxy */;
		};
/* End PBXTargetDependency section */

/* Begin PBXVariantGroup section */
		04BB51791C0F2C9200F1CE3A /* Main.storyboard */ = {
			isa = PBXVariantGroup;
			children = (
				04BB517A1C0F2C9200F1CE3A /* Base */,
			);
			name = Main.storyboard;
			sourceTree = "<group>";
		};
		04BB517E1C0F2C9200F1CE3A /* LaunchScreen.storyboard */ = {
			isa = PBXVariantGroup;
			children = (
				04BB517F1C0F2C9200F1CE3A /* Base */,
			);
			name = LaunchScreen.storyboard;
			sourceTree = "<group>";
		};
/* End PBXVariantGroup section */

/* Begin XCBuildConfiguration section */
		04BB51981C0F2C9200F1CE3A /* Debug */ = {
			isa = XCBuildConfiguration;
			buildSettings = {
				ALWAYS_SEARCH_USER_PATHS = NO;
				CLANG_CXX_LANGUAGE_STANDARD = "gnu++0x";
				CLANG_CXX_LIBRARY = "libc++";
				CLANG_ENABLE_MODULES = YES;
				CLANG_ENABLE_OBJC_ARC = YES;
				CLANG_WARN_BOOL_CONVERSION = YES;
				CLANG_WARN_CONSTANT_CONVERSION = YES;
				CLANG_WARN_DIRECT_OBJC_ISA_USAGE = YES_ERROR;
				CLANG_WARN_EMPTY_BODY = YES;
				CLANG_WARN_ENUM_CONVERSION = YES;
				CLANG_WARN_INT_CONVERSION = YES;
				CLANG_WARN_OBJC_ROOT_CLASS = YES_ERROR;
				CLANG_WARN_UNREACHABLE_CODE = YES;
				CLANG_WARN__DUPLICATE_METHOD_MATCH = YES;
				"CODE_SIGN_IDENTITY[sdk=iphoneos*]" = "iPhone Developer";
				COPY_PHASE_STRIP = NO;
				DEBUG_INFORMATION_FORMAT = dwarf;
				ENABLE_STRICT_OBJC_MSGSEND = YES;
				ENABLE_TESTABILITY = YES;
				GCC_C_LANGUAGE_STANDARD = gnu99;
				GCC_DYNAMIC_NO_PIC = NO;
				GCC_NO_COMMON_BLOCKS = YES;
				GCC_OPTIMIZATION_LEVEL = 0;
				GCC_PREPROCESSOR_DEFINITIONS = (
					"DEBUG=1",
					"$(inherited)",
				);
				GCC_WARN_64_TO_32_BIT_CONVERSION = YES;
				GCC_WARN_ABOUT_RETURN_TYPE = YES_ERROR;
				GCC_WARN_UNDECLARED_SELECTOR = YES;
				GCC_WARN_UNINITIALIZED_AUTOS = YES_AGGRESSIVE;
				GCC_WARN_UNUSED_FUNCTION = YES;
				GCC_WARN_UNUSED_VARIABLE = YES;
				IPHONEOS_DEPLOYMENT_TARGET = 9.1;
				MTL_ENABLE_DEBUG_INFO = YES;
				ONLY_ACTIVE_ARCH = YES;
				SDKROOT = iphoneos;
				TARGETED_DEVICE_FAMILY = "1,2";
			};
			name = Debug;
		};
		04BB51991C0F2C9200F1CE3A /* Release */ = {
			isa = XCBuildConfiguration;
			buildSettings = {
				ALWAYS_SEARCH_USER_PATHS = NO;
				CLANG_CXX_LANGUAGE_STANDARD = "gnu++0x";
				CLANG_CXX_LIBRARY = "libc++";
				CLANG_ENABLE_MODULES = YES;
				CLANG_ENABLE_OBJC_ARC = YES;
				CLANG_WARN_BOOL_CONVERSION = YES;
				CLANG_WARN_CONSTANT_CONVERSION = YES;
				CLANG_WARN_DIRECT_OBJC_ISA_USAGE = YES_ERROR;
				CLANG_WARN_EMPTY_BODY = YES;
				CLANG_WARN_ENUM_CONVERSION = YES;
				CLANG_WARN_INT_CONVERSION = YES;
				CLANG_WARN_OBJC_ROOT_CLASS = YES_ERROR;
				CLANG_WARN_UNREACHABLE_CODE = YES;
				CLANG_WARN__DUPLICATE_METHOD_MATCH = YES;
				"CODE_SIGN_IDENTITY[sdk=iphoneos*]" = "iPhone Developer";
				COPY_PHASE_STRIP = NO;
				DEBUG_INFORMATION_FORMAT = "dwarf-with-dsym";
				ENABLE_NS_ASSERTIONS = NO;
				ENABLE_STRICT_OBJC_MSGSEND = YES;
				GCC_C_LANGUAGE_STANDARD = gnu99;
				GCC_NO_COMMON_BLOCKS = YES;
				GCC_WARN_64_TO_32_BIT_CONVERSION = YES;
				GCC_WARN_ABOUT_RETURN_TYPE = YES_ERROR;
				GCC_WARN_UNDECLARED_SELECTOR = YES;
				GCC_WARN_UNINITIALIZED_AUTOS = YES_AGGRESSIVE;
				GCC_WARN_UNUSED_FUNCTION = YES;
				GCC_WARN_UNUSED_VARIABLE = YES;
				IPHONEOS_DEPLOYMENT_TARGET = 9.1;
				MTL_ENABLE_DEBUG_INFO = NO;
				SDKROOT = iphoneos;
				TARGETED_DEVICE_FAMILY = "1,2";
				VALIDATE_PRODUCT = YES;
			};
			name = Release;
		};
		04BB519B1C0F2C9200F1CE3A /* Debug */ = {
			isa = XCBuildConfiguration;
			buildSettings = {
				ASSETCATALOG_COMPILER_APPICON_NAME = AppIcon;
				INFOPLIST_FILE = Champion/Info.plist;
				LD_RUNPATH_SEARCH_PATHS = "$(inherited) @executable_path/Frameworks";
				PRODUCT_BUNDLE_IDENTIFIER = "---------------.Champion";
				PRODUCT_NAME = "$(TARGET_NAME)";
			};
			name = Debug;
		};
		04BB519C1C0F2C9200F1CE3A /* Release */ = {
			isa = XCBuildConfiguration;
			buildSettings = {
				ASSETCATALOG_COMPILER_APPICON_NAME = AppIcon;
				INFOPLIST_FILE = Champion/Info.plist;
				LD_RUNPATH_SEARCH_PATHS = "$(inherited) @executable_path/Frameworks";
				PRODUCT_BUNDLE_IDENTIFIER = "---------------.Champion";
				PRODUCT_NAME = "$(TARGET_NAME)";
			};
			name = Release;
		};
		04BB519E1C0F2C9200F1CE3A /* Debug */ = {
			isa = XCBuildConfiguration;
			buildSettings = {
				BUNDLE_LOADER = "$(TEST_HOST)";
				INFOPLIST_FILE = ChampionTests/Info.plist;
				LD_RUNPATH_SEARCH_PATHS = "$(inherited) @executable_path/Frameworks @loader_path/Frameworks";
				PRODUCT_BUNDLE_IDENTIFIER = "---------------.ChampionTests";
				PRODUCT_NAME = "$(TARGET_NAME)";
				TEST_HOST = "$(BUILT_PRODUCTS_DIR)/Champion.app/Champion";
			};
			name = Debug;
		};
		04BB519F1C0F2C9200F1CE3A /* Release */ = {
			isa = XCBuildConfiguration;
			buildSettings = {
				BUNDLE_LOADER = "$(TEST_HOST)";
				INFOPLIST_FILE = ChampionTests/Info.plist;
				LD_RUNPATH_SEARCH_PATHS = "$(inherited) @executable_path/Frameworks @loader_path/Frameworks";
				PRODUCT_BUNDLE_IDENTIFIER = "---------------.ChampionTests";
				PRODUCT_NAME = "$(TARGET_NAME)";
				TEST_HOST = "$(BUILT_PRODUCTS_DIR)/Champion.app/Champion";
			};
			name = Release;
		};
		04BB51A11C0F2C9200F1CE3A /* Debug */ = {
			isa = XCBuildConfiguration;
			buildSettings = {
				INFOPLIST_FILE = ChampionUITests/Info.plist;
				LD_RUNPATH_SEARCH_PATHS = "$(inherited) @executable_path/Frameworks @loader_path/Frameworks";
				PRODUCT_BUNDLE_IDENTIFIER = "---------------.ChampionUITests";
				PRODUCT_NAME = "$(TARGET_NAME)";
				TEST_TARGET_NAME = Champion;
				USES_XCTRUNNER = YES;
			};
			name = Debug;
		};
		04BB51A21C0F2C9200F1CE3A /* Release */ = {
			isa = XCBuildConfiguration;
			buildSettings = {
				INFOPLIST_FILE = ChampionUITests/Info.plist;
				LD_RUNPATH_SEARCH_PATHS = "$(inherited) @executable_path/Frameworks @loader_path/Frameworks";
				PRODUCT_BUNDLE_IDENTIFIER = "---------------.ChampionUITests";
				PRODUCT_NAME = "$(TARGET_NAME)";
				TEST_TARGET_NAME = Champion;
				USES_XCTRUNNER = YES;
			};
			name = Release;
		};
/* End XCBuildConfiguration section */

/* Begin XCConfigurationList section */
		04BB51681C0F2C9200F1CE3A /* Build configuration list for PBXProject "Champion" */ = {
			isa = XCConfigurationList;
			buildConfigurations = (
				04BB51981C0F2C9200F1CE3A /* Debug */,
				04BB51991C0F2C9200F1CE3A /* Release */,
			);
			defaultConfigurationIsVisible = 0;
			defaultConfigurationName = Release;
		};
		04BB519A1C0F2C9200F1CE3A /* Build configuration list for PBXNativeTarget "Champion" */ = {
			isa = XCConfigurationList;
			buildConfigurations = (
				04BB519B1C0F2C9200F1CE3A /* Debug */,
				04BB519C1C0F2C9200F1CE3A /* Release */,
			);
			defaultConfigurationIsVisible = 0;
		};
		04BB519D1C0F2C9200F1CE3A /* Build configuration list for PBXNativeTarget "ChampionTests" */ = {
			isa = XCConfigurationList;
			buildConfigurations = (
				04BB519E1C0F2C9200F1CE3A /* Debug */,
				04BB519F1C0F2C9200F1CE3A /* Release */,
			);
			defaultConfigurationIsVisible = 0;
		};
		04BB51A01C0F2C9200F1CE3A /* Build configuration list for PBXNativeTarget "ChampionUITests" */ = {
			isa = XCConfigurationList;
			buildConfigurations = (
				04BB51A11C0F2C9200F1CE3A /* Debug */,
				04BB51A21C0F2C9200F1CE3A /* Release */,
			);
			defaultConfigurationIsVisible = 0;
		};
/* End XCConfigurationList section */
	};
	rootObject = 04BB51651C0F2C9200F1CE3A /* Project object */;
}
